Microsoft Visual Studio Solution File, Format Version 11.00
# Visual Studio 2008

Project("{E50F9D19-423E-1524-FF0B-D2FEC32EE41A}") = "TEST_PROJECT", "Assembly-CSharp.csproj", "{A8B72DC8-10E9-A9B2-CF81-15718BF1DFF1}"
EndProject
Global
	GlobalSection(SolutionConfigurationPlatforms) = preSolution
		Debug|Any CPU = Debug|Any CPU
		Release|Any CPU = Release|Any CPU
	EndGlobalSection
	GlobalSection(ProjectConfigurationPlatforms) = postSolution
		{A8B72DC8-10E9-A9B2-CF81-15718BF1DFF1}.Debug|Any CPU.ActiveCfg = Debug|Any CPU
		{A8B72DC8-10E9-A9B2-CF81-15718BF1DFF1}.Debug|Any CPU.Build.0 = Debug|Any CPU
		{A8B72DC8-10E9-A9B2-CF81-15718BF1DFF1}.Release|Any CPU.ActiveCfg = Release|Any CPU
		{A8B72DC8-10E9-A9B2-CF81-15718BF1DFF1}.Release|Any CPU.Build.0 = Release|Any CPU
	EndGlobalSection
	GlobalSection(SolutionProperties) = preSolution
		HideSolutionNode = FALSE
	EndGlobalSection
	GlobalSection(MonoDevelopProperties) = preSolution
		StartupItem = Assembly-CSharp.csproj
	EndGlobalSection
EndGlobal
